
Microsoft Visual Studio Solution File, Format Version 12.00
# Visual Studio Version 17
VisualStudioVersion = 17.6.33829.357
MinimumVisualStudioVersion = 10.0.40219.1
Project("{FAE04EC0-301F-11D3-BF4B-00C04F79EFBC}") = "BoldemImporter", "BoldemImporter\BoldemImporter.csproj", "{4EE505DD-F083-45D8-BEFB-1E6E9A35AED2}"
EndProject
Global
	GlobalSection(SolutionConfigurationPlatforms) = preSolution
		Debug|Any CPU = Debug|Any CPU
		Release|Any CPU = Release|Any CPU
	EndGlobalSection
	GlobalSection(ProjectConfigurationPlatforms) = postSolution
		{4EE505DD-F083-45D8-BEFB-1E6E9A35AED2}.Debug|Any CPU.ActiveCfg = Debug|Any CPU
		{4EE505DD-F083-45D8-BEFB-1E6E9A35AED2}.Debug|Any CPU.Build.0 = Debug|Any CPU
		{4EE505DD-F083-45D8-BEFB-1E6E9A35AED2}.Release|Any CPU.ActiveCfg = Release|Any CPU
		{4EE505DD-F083-45D8-BEFB-1E6E9A35AED2}.Release|Any CPU.Build.0 = Release|Any CPU
	EndGlobalSection
	GlobalSection(SolutionProperties) = preSolution
		HideSolutionNode = FALSE
	EndGlobalSection
	GlobalSection(ExtensibilityGlobals) = postSolution
		SolutionGuid = {B0CFDCAB-48B5-47B1-B2DE-06C73320D96C}
	EndGlobalSection
EndGlobal
